
Microsoft Visual Studio Solution File, Format Version 12.00
# Visual Studio Version 16
VisualStudioVersion = 16.0.32413.511
MinimumVisualStudioVersion = 10.0.40219.1
Project("{FAE04EC0-301F-11D3-BF4B-00C04F79EFBC}") = "EstructuradeDatosClase1", "EstructuradeDatosClase1.csproj", "{63801AA3-E1DF-4D9D-9573-B6F2F176D0B5}"
EndProject
Global
	GlobalSection(SolutionConfigurationPlatforms) = preSolution
		Debug|Any CPU = Debug|Any CPU
		Release|Any CPU = Release|Any CPU
	EndGlobalSection
	GlobalSection(ProjectConfigurationPlatforms) = postSolution
		{63801AA3-E1DF-4D9D-9573-B6F2F176D0B5}.Debug|Any CPU.ActiveCfg = Debug|Any CPU
		{63801AA3-E1DF-4D9D-9573-B6F2F176D0B5}.Debug|Any CPU.Build.0 = Debug|Any CPU
		{63801AA3-E1DF-4D9D-9573-B6F2F176D0B5}.Release|Any CPU.ActiveCfg = Release|Any CPU
		{63801AA3-E1DF-4D9D-9573-B6F2F176D0B5}.Release|Any CPU.Build.0 = Release|Any CPU
	EndGlobalSection
	GlobalSection(SolutionProperties) = preSolution
		HideSolutionNode = FALSE
	EndGlobalSection
	GlobalSection(ExtensibilityGlobals) = postSolution
		SolutionGuid = {113EDFEE-E51A-47F2-AE89-E9CEA80319F7}
	EndGlobalSection
EndGlobal
